
Microsoft Visual Studio Solution File, Format Version 12.00
# Visual Studio 14
VisualStudioVersion = 14.0.25420.1
MinimumVisualStudioVersion = 10.0.40219.1
Project("{FAE04EC0-301F-11D3-BF4B-00C04F79EFBC}") = "Jumoo.CdfHealthChecker", "Jumoo.CdfHealthChecker\Jumoo.CdfHealthChecker.csproj", "{51A260AC-36FE-4861-862E-684555F66E61}"
EndProject
Project("{FAE04EC0-301F-11D3-BF4B-00C04F79EFBC}") = "CdfHealthCheck.Site", "CdfHealthCheck.Site\CdfHealthCheck.Site.csproj", "{41CEBF77-9289-4133-8967-A29860D6FA66}"
EndProject
Global
	GlobalSection(SolutionConfigurationPlatforms) = preSolution
		Debug|Any CPU = Debug|Any CPU
		Release|Any CPU = Release|Any CPU
	EndGlobalSection
	GlobalSection(ProjectConfigurationPlatforms) = postSolution
		{51A260AC-36FE-4861-862E-684555F66E61}.Debug|Any CPU.ActiveCfg = Debug|Any CPU
		{51A260AC-36FE-4861-862E-684555F66E61}.Debug|Any CPU.Build.0 = Debug|Any CPU
		{51A260AC-36FE-4861-862E-684555F66E61}.Release|Any CPU.ActiveCfg = Release|Any CPU
		{51A260AC-36FE-4861-862E-684555F66E61}.Release|Any CPU.Build.0 = Release|Any CPU
		{41CEBF77-9289-4133-8967-A29860D6FA66}.Debug|Any CPU.ActiveCfg = Debug|Any CPU
		{41CEBF77-9289-4133-8967-A29860D6FA66}.Debug|Any CPU.Build.0 = Debug|Any CPU
		{41CEBF77-9289-4133-8967-A29860D6FA66}.Release|Any CPU.ActiveCfg = Release|Any CPU
		{41CEBF77-9289-4133-8967-A29860D6FA66}.Release|Any CPU.Build.0 = Release|Any CPU
	EndGlobalSection
	GlobalSection(SolutionProperties) = preSolution
		HideSolutionNode = FALSE
	EndGlobalSection
EndGlobal
